// !$*UTF8*$!
{
	archiveVersion = 1;
	classes = {
	};
	objectVersion = 55;
	objects = {

/* Begin PBXBuildFile section */
		0A5B9F3928E6E8AB0017A261 /* AppDelegate.swift in Sources */ = {isa = PBXBuildFile; fileRef = 0A5B9F3828E6E8AB0017A261 /* AppDelegate.swift */; };
		0A5B9F3B28E6E8AB0017A261 /* SceneDelegate.swift in Sources */ = {isa = PBXBuildFile; fileRef = 0A5B9F3A28E6E8AB0017A261 /* SceneDelegate.swift */; };
		0A5B9F3D28E6E8AB0017A261 /* ViewController.swift in Sources */ = {isa = PBXBuildFile; fileRef = 0A5B9F3C28E6E8AB0017A261 /* ViewController.swift */; };
		0A5B9F4028E6E8AB0017A261 /* Main.storyboard in Resources */ = {isa = PBXBuildFile; fileRef = 0A5B9F3E28E6E8AB0017A261 /* Main.storyboard */; };
		0A5B9F4228E6E8AB0017A261 /* Assets.xcassets in Resources */ = {isa = PBXBuildFile; fileRef = 0A5B9F4128E6E8AB0017A261 /* Assets.xcassets */; };
		0A5B9F4528E6E8AB0017A261 /* LaunchScreen.storyboard in Resources */ = {isa = PBXBuildFile; fileRef = 0A5B9F4328E6E8AB0017A261 /* LaunchScreen.storyboard */; };
		0A5B9F5028E6E8AB0017A261 /* AnchorsLabTests.swift in Sources */ = {isa = PBXBuildFile; fileRef = 0A5B9F4F28E6E8AB0017A261 /* AnchorsLabTests.swift */; };
		0A5B9F5A28E6E8AB0017A261 /* AnchorsLabUITests.swift in Sources */ = {isa = PBXBuildFile; fileRef = 0A5B9F5928E6E8AB0017A261 /* AnchorsLabUITests.swift */; };
		0A5B9F5C28E6E8AB0017A261 /* AnchorsLabUITestsLaunchTests.swift in Sources */ = {isa = PBXBuildFile; fileRef = 0A5B9F5B28E6E8AB0017A261 /* AnchorsLabUITestsLaunchTests.swift */; };
/* End PBXBuildFile section */

/* Begin PBXContainerItemProxy section */
		0A5B9F4C28E6E8AB0017A261 /* PBXContainerItemProxy */ = {
			isa = PBXContainerItemProxy;
			containerPortal = 0A5B9F2D28E6E8AB0017A261 /* Project object */;
			proxyType = 1;
			remoteGlobalIDString = 0A5B9F3428E6E8AB0017A261;
			remoteInfo = AnchorsLab;
		};
		0A5B9F5628E6E8AB0017A261 /* PBXContainerItemProxy */ = {
			isa = PBXContainerItemProxy;
			containerPortal = 0A5B9F2D28E6E8AB0017A261 /* Project object */;
			proxyType = 1;
			remoteGlobalIDString = 0A5B9F3428E6E8AB0017A261;
			remoteInfo = AnchorsLab;
		};
/* End PBXContainerItemProxy section */

/* Begin PBXFileReference section */
		0A5B9F3528E6E8AB0017A261 /* AnchorsLab.app */ = {isa = PBXFileReference; explicitFileType = wrapper.application; includeInIndex = 0; path = AnchorsLab.app; sourceTree = BUILT_PRODUCTS_DIR; };
		0A5B9F3828E6E8AB0017A261 /* AppDelegate.swift */ = {isa = PBXFileReference; lastKnownFileType = sourcecode.swift; path = AppDelegate.swift; sourceTree = "<group>"; };
		0A5B9F3A28E6E8AB0017A261 /* SceneDelegate.swift */ = {isa = PBXFileReference; lastKnownFileType = sourcecode.swift; path = SceneDelegate.swift; sourceTree = "<group>"; };
		0A5B9F3C28E6E8AB0017A261 /* ViewController.swift */ = {isa = PBXFileReference; lastKnownFileType = sourcecode.swift; path = ViewController.swift; sourceTree = "<group>"; };
		0A5B9F3F28E6E8AB0017A261 /* Base */ = {isa = PBXFileReference; lastKnownFileType = file.storyboard; name = Base; path = Base.lproj/Main.storyboard; sourceTree = "<group>"; };
		0A5B9F4128E6E8AB0017A261 /* Assets.xcassets */ = {isa = PBXFileReference; lastKnownFileType = folder.assetcatalog; path = Assets.xcassets; sourceTree = "<group>"; };
		0A5B9F4428E6E8AB0017A261 /* Base */ = {isa = PBXFileReference; lastKnownFileType = file.storyboard; name = Base; path = Base.lproj/LaunchScreen.storyboard; sourceTree = "<group>"; };
		0A5B9F4628E6E8AB0017A261 /* Info.plist */ = {isa = PBXFileReference; lastKnownFileType = text.plist.xml; path = Info.plist; sourceTree = "<group>"; };
		0A5B9F4B28E6E8AB0017A261 /* AnchorsLabTests.xctest */ = {isa = PBXFileReference; explicitFileType = wrapper.cfbundle; includeInIndex = 0; path = AnchorsLabTests.xctest; sourceTree = BUILT_PRODUCTS_DIR; };
		0A5B9F4F28E6E8AB0017A261 /* AnchorsLabTests.swift */ = {isa = PBXFileReference; lastKnownFileType = sourcecode.swift; path = AnchorsLabTests.swift; sourceTree = "<group>"; };
		0A5B9F5528E6E8AB0017A261 /* AnchorsLabUITests.xctest */ = {isa = PBXFileReference; explicitFileType = wrapper.cfbundle; includeInIndex = 0; path = AnchorsLabUITests.xctest; sourceTree = BUILT_PRODUCTS_DIR; };
		0A5B9F5928E6E8AB0017A261 /* AnchorsLabUITests.swift */ = {isa = PBXFileReference; lastKnownFileType = sourcecode.swift; path = AnchorsLabUITests.swift; sourceTree = "<group>"; };
		0A5B9F5B28E6E8AB0017A261 /* AnchorsLabUITestsLaunchTests.swift */ = {isa = PBXFileReference; lastKnownFileType = sourcecode.swift; path = AnchorsLabUITestsLaunchTests.swift; sourceTree = "<group>"; };
/* End PBXFileReference section */

/* Begin PBXFrameworksBuildPhase section */
		0A5B9F3228E6E8AB0017A261 /* Frameworks */ = {
			isa = PBXFrameworksBuildPhase;
			buildActionMask = 2147483647;
			files = (
			);
			runOnlyForDeploymentPostprocessing = 0;
		};
		0A5B9F4828E6E8AB0017A261 /* Frameworks */ = {
			isa = PBXFrameworksBuildPhase;
			buildActionMask = 2147483647;
			files = (
			);
			runOnlyForDeploymentPostprocessing = 0;
		};
		0A5B9F5228E6E8AB0017A261 /* Frameworks */ = {
			isa = PBXFrameworksBuildPhase;
			buildActionMask = 2147483647;
			files = (
			);
			runOnlyForDeploymentPostprocessing = 0;
		};
/* End PBXFrameworksBuildPhase section */

/* Begin PBXGroup section */
		0A5B9F2C28E6E8AB0017A261 = {
			isa = PBXGroup;
			children = (
				0A5B9F3728E6E8AB0017A261 /* AnchorsLab */,
				0A5B9F4E28E6E8AB0017A261 /* AnchorsLabTests */,
				0A5B9F5828E6E8AB0017A261 /* AnchorsLabUITests */,
				0A5B9F3628E6E8AB0017A261 /* Products */,
			);
			sourceTree = "<group>";
		};
		0A5B9F3628E6E8AB0017A261 /* Products */ = {
			isa = PBXGroup;
			children = (
				0A5B9F3528E6E8AB0017A261 /* AnchorsLab.app */,
				0A5B9F4B28E6E8AB0017A261 /* AnchorsLabTests.xctest */,
				0A5B9F5528E6E8AB0017A261 /* AnchorsLabUITests.xctest */,
			);
			name = Products;
			sourceTree = "<group>";
		};
		0A5B9F3728E6E8AB0017A261 /* AnchorsLab */ = {
			isa = PBXGroup;
			children = (
				0A5B9F3828E6E8AB0017A261 /* AppDelegate.swift */,
				0A5B9F3A28E6E8AB0017A261 /* SceneDelegate.swift */,
				0A5B9F3C28E6E8AB0017A261 /* ViewController.swift */,
				0A5B9F3E28E6E8AB0017A261 /* Main.storyboard */,
				0A5B9F4128E6E8AB0017A261 /* Assets.xcassets */,
				0A5B9F4328E6E8AB0017A261 /* LaunchScreen.storyboard */,
				0A5B9F4628E6E8AB0017A261 /* Info.plist */,
			);
			path = AnchorsLab;
			sourceTree = "<group>";
		};
		0A5B9F4E28E6E8AB0017A261 /* AnchorsLabTests */ = {
			isa = PBXGroup;
			children = (
				0A5B9F4F28E6E8AB0017A261 /* AnchorsLabTests.swift */,
			);
			path = AnchorsLabTests;
			sourceTree = "<group>";
		};
		0A5B9F5828E6E8AB0017A261 /* AnchorsLabUITests */ = {
			isa = PBXGroup;
			children = (
				0A5B9F5928E6E8AB0017A261 /* AnchorsLabUITests.swift */,
				0A5B9F5B28E6E8AB0017A261 /* AnchorsLabUITestsLaunchTests.swift */,
			);
			path = AnchorsLabUITests;
			sourceTree = "<group>";
		};
/* End PBXGroup section */

/* Begin PBXNativeTarget section */
		0A5B9F3428E6E8AB0017A261 /* AnchorsLab */ = {
			isa = PBXNativeTarget;
			buildConfigurationList = 0A5B9F5F28E6E8AB0017A261 /* Build configuration list for PBXNativeTarget "AnchorsLab" */;
			buildPhases = (
				0A5B9F3128E6E8AB0017A261 /* Sources */,
				0A5B9F3228E6E8AB0017A261 /* Frameworks */,
				0A5B9F3328E6E8AB0017A261 /* Resources */,
			);
			buildRules = (
			);
			dependencies = (
			);
			name = AnchorsLab;
			productName = AnchorsLab;
			productReference = 0A5B9F3528E6E8AB0017A261 /* AnchorsLab.app */;
			productType = "com.apple.product-type.application";
		};
		0A5B9F4A28E6E8AB0017A261 /* AnchorsLabTests */ = {
			isa = PBXNativeTarget;
			buildConfigurationList = 0A5B9F6228E6E8AB0017A261 /* Build configuration list for PBXNativeTarget "AnchorsLabTests" */;
			buildPhases = (
				0A5B9F4728E6E8AB0017A261 /* Sources */,
				0A5B9F4828E6E8AB0017A261 /* Frameworks */,
				0A5B9F4928E6E8AB0017A261 /* Resources */,
			);
			buildRules = (
			);
			dependencies = (
				0A5B9F4D28E6E8AB0017A261 /* PBXTargetDependency */,
			);
			name = AnchorsLabTests;
			productName = AnchorsLabTests;
			productReference = 0A5B9F4B28E6E8AB0017A261 /* AnchorsLabTests.xctest */;
			productType = "com.apple.product-type.bundle.unit-test";
		};
		0A5B9F5428E6E8AB0017A261 /* AnchorsLabUITests */ = {
			isa = PBXNativeTarget;
			buildConfigurationList = 0A5B9F6528E6E8AB0017A261 /* Build configuration list for PBXNativeTarget "AnchorsLabUITests" */;
			buildPhases = (
				0A5B9F5128E6E8AB0017A261 /* Sources */,
				0A5B9F5228E6E8AB0017A261 /* Frameworks */,
				0A5B9F5328E6E8AB0017A261 /* Resources */,
			);
			buildRules = (
			);
			dependencies = (
				0A5B9F5728E6E8AB0017A261 /* PBXTargetDependency */,
			);
			name = AnchorsLabUITests;
			productName = AnchorsLabUITests;
			productReference = 0A5B9F5528E6E8AB0017A261 /* AnchorsLabUITests.xctest */;
			productType = "com.apple.product-type.bundle.ui-testing";
		};
/* End PBXNativeTarget section */

/* Begin PBXProject section */
		0A5B9F2D28E6E8AB0017A261 /* Project object */ = {
			isa = PBXProject;
			attributes = {
				BuildIndependentTargetsInParallel = 1;
				LastSwiftUpdateCheck = 1340;
				LastUpgradeCheck = 1340;
				TargetAttributes = {
					0A5B9F3428E6E8AB0017A261 = {
						CreatedOnToolsVersion = 13.4.1;
					};
					0A5B9F4A28E6E8AB0017A261 = {
						CreatedOnToolsVersion = 13.4.1;
						TestTargetID = 0A5B9F3428E6E8AB0017A261;
					};
					0A5B9F5428E6E8AB0017A261 = {
						CreatedOnToolsVersion = 13.4.1;
						TestTargetID = 0A5B9F3428E6E8AB0017A261;
					};
				};
			};
			buildConfigurationList = 0A5B9F3028E6E8AB0017A261 /* Build configuration list for PBXProject "AnchorsLab" */;
			compatibilityVersion = "Xcode 13.0";
			developmentRegion = en;
			hasScannedForEncodings = 0;
			knownRegions = (
				en,
				Base,
			);
			mainGroup = 0A5B9F2C28E6E8AB0017A261;
			productRefGroup = 0A5B9F3628E6E8AB0017A261 /* Products */;
			projectDirPath = "";
			projectRoot = "";
			targets = (
				0A5B9F3428E6E8AB0017A261 /* AnchorsLab */,
				0A5B9F4A28E6E8AB0017A261 /* AnchorsLabTests */,
				0A5B9F5428E6E8AB0017A261 /* AnchorsLabUITests */,
			);
		};
/* End PBXProject section */

/* Begin PBXResourcesBuildPhase section */
		0A5B9F3328E6E8AB0017A261 /* Resources */ = {
			isa = PBXResourcesBuildPhase;
			buildActionMask = 2147483647;
			files = (
				0A5B9F4528E6E8AB0017A261 /* LaunchScreen.storyboard in Resources */,
				0A5B9F4228E6E8AB0017A261 /* Assets.xcassets in Resources */,
				0A5B9F4028E6E8AB0017A261 /* Main.storyboard in Resources */,
			);
			runOnlyForDeploymentPostprocessing = 0;
		};
		0A5B9F4928E6E8AB0017A261 /* Resources */ = {
			isa = PBXResourcesBuildPhase;
			buildActionMask = 2147483647;
			files = (
			);
			runOnlyForDeploymentPostprocessing = 0;
		};
		0A5B9F5328E6E8AB0017A261 /* Resources */ = {
			isa = PBXResourcesBuildPhase;
			buildActionMask = 2147483647;
			files = (
			);
			runOnlyForDeploymentPostprocessing = 0;
		};
/* End PBXResourcesBuildPhase section */

/* Begin PBXSourcesBuildPhase section */
		0A5B9F3128E6E8AB0017A261 /* Sources */ = {
			isa = PBXSourcesBuildPhase;
			buildActionMask = 2147483647;
			files = (
				0A5B9F3D28E6E8AB0017A261 /* ViewController.swift in Sources */,
				0A5B9F3928E6E8AB0017A261 /* AppDelegate.swift in Sources */,
				0A5B9F3B28E6E8AB0017A261 /* SceneDelegate.swift in Sources */,
			);
			runOnlyForDeploymentPostprocessing = 0;
		};
		0A5B9F4728E6E8AB0017A261 /* Sources */ = {
			isa = PBXSourcesBuildPhase;
			buildActionMask = 2147483647;
			files = (
				0A5B9F5028E6E8AB0017A261 /* AnchorsLabTests.swift in Sources */,
			);
			runOnlyForDeploymentPostprocessing = 0;
		};
		0A5B9F5128E6E8AB0017A261 /* Sources */ = {
			isa = PBXSourcesBuildPhase;
			buildActionMask = 2147483647;
			files = (
				0A5B9F5A28E6E8AB0017A261 /* AnchorsLabUITests.swift in Sources */,
				0A5B9F5C28E6E8AB0017A261 /* AnchorsLabUITestsLaunchTests.swift in Sources */,
			);
			runOnlyForDeploymentPostprocessing = 0;
		};
/* End PBXSourcesBuildPhase section */

/* Begin PBXTargetDependency section */
		0A5B9F4D28E6E8AB0017A261 /* PBXTargetDependency */ = {
			isa = PBXTargetDependency;
			target = 0A5B9F3428E6E8AB0017A261 /* AnchorsLab */;
			targetProxy = 0A5B9F4C28E6E8AB0017A261 /* PBXContainerItemProxy */;
		};
		0A5B9F5728E6E8AB0017A261 /* PBXTargetDependency */ = {
			isa = PBXTargetDependency;
			target = 0A5B9F3428E6E8AB0017A261 /* AnchorsLab */;
			targetProxy = 0A5B9F5628E6E8AB0017A261 /* PBXContainerItemProxy */;
		};
/* End PBXTargetDependency section */

/* Begin PBXVariantGroup section */
		0A5B9F3E28E6E8AB0017A261 /* Main.storyboard */ = {
			isa = PBXVariantGroup;
			children = (
				0A5B9F3F28E6E8AB0017A261 /* Base */,
			);
			name = Main.storyboard;
			sourceTree = "<group>";
		};
		0A5B9F4328E6E8AB0017A261 /* LaunchScreen.storyboard */ = {
			isa = PBXVariantGroup;
			children = (
				0A5B9F4428E6E8AB0017A261 /* Base */,
			);
			name = LaunchScreen.storyboard;
			sourceTree = "<group>";
		};
/* End PBXVariantGroup section */

/* Begin XCBuildConfiguration section */
		0A5B9F5D28E6E8AB0017A261 /* Debug */ = {
			isa = XCBuildConfiguration;
			buildSettings = {
				ALWAYS_SEARCH_USER_PATHS = NO;
				CLANG_ANALYZER_NONNULL = YES;
				CLANG_ANALYZER_NUMBER_OBJECT_CONVERSION = YES_AGGRESSIVE;
				CLANG_CXX_LANGUAGE_STANDARD = "gnu++17";
				CLANG_ENABLE_MODULES = YES;
				CLANG_ENABLE_OBJC_ARC = YES;
				CLANG_ENABLE_OBJC_WEAK = YES;
				CLANG_WARN_BLOCK_CAPTURE_AUTORELEASING = YES;
				CLANG_WARN_BOOL_CONVERSION = YES;
				CLANG_WARN_COMMA = YES;
				CLANG_WARN_CONSTANT_CONVERSION = YES;
				CLANG_WARN_DEPRECATED_OBJC_IMPLEMENTATIONS = YES;
				CLANG_WARN_DIRECT_OBJC_ISA_USAGE = YES_ERROR;
				CLANG_WARN_DOCUMENTATION_COMMENTS = YES;
				CLANG_WARN_EMPTY_BODY = YES;
				CLANG_WARN_ENUM_CONVERSION = YES;
				CLANG_WARN_INFINITE_RECURSION = YES;
				CLANG_WARN_INT_CONVERSION = YES;
				CLANG_WARN_NON_LITERAL_NULL_CONVERSION = YES;
				CLANG_WARN_OBJC_IMPLICIT_RETAIN_SELF = YES;
				CLANG_WARN_OBJC_LITERAL_CONVERSION = YES;
				CLANG_WARN_OBJC_ROOT_CLASS = YES_ERROR;
				CLANG_WARN_QUOTED_INCLUDE_IN_FRAMEWORK_HEADER = YES;
				CLANG_WARN_RANGE_LOOP_ANALYSIS = YES;
				CLANG_WARN_STRICT_PROTOTYPES = YES;
				CLANG_WARN_SUSPICIOUS_MOVE = YES;
				CLANG_WARN_UNGUARDED_AVAILABILITY = YES_AGGRESSIVE;
				CLANG_WARN_UNREACHABLE_CODE = YES;
				CLANG_WARN__DUPLICATE_METHOD_MATCH = YES;
				COPY_PHASE_STRIP = NO;
				DEBUG_INFORMATION_FORMAT = dwarf;
				ENABLE_STRICT_OBJC_MSGSEND = YES;
				ENABLE_TESTABILITY = YES;
				GCC_C_LANGUAGE_STANDARD = gnu11;
				GCC_DYNAMIC_NO_PIC = NO;
				GCC_NO_COMMON_BLOCKS = YES;
				GCC_OPTIMIZATION_LEVEL = 0;
				GCC_PREPROCESSOR_DEFINITIONS = (
					"DEBUG=1",
					"$(inherited)",
				);
				GCC_WARN_64_TO_32_BIT_CONVERSION = YES;
				GCC_WARN_ABOUT_RETURN_TYPE = YES_ERROR;
				GCC_WARN_UNDECLARED_SELECTOR = YES;
				GCC_WARN_UNINITIALIZED_AUTOS = YES_AGGRESSIVE;
				GCC_WARN_UNUSED_FUNCTION = YES;
				GCC_WARN_UNUSED_VARIABLE = YES;
				IPHONEOS_DEPLOYMENT_TARGET = 15.5;
				MTL_ENABLE_DEBUG_INFO = INCLUDE_SOURCE;
				MTL_FAST_MATH = YES;
				ONLY_ACTIVE_ARCH = YES;
				SDKROOT = iphoneos;
				SWIFT_ACTIVE_COMPILATION_CONDITIONS = DEBUG;
				SWIFT_OPTIMIZATION_LEVEL = "-Onone";
			};
			name = Debug;
		};
		0A5B9F5E28E6E8AB0017A261 /* Release */ = {
			isa = XCBuildConfiguration;
			buildSettings = {
				ALWAYS_SEARCH_USER_PATHS = NO;
				CLANG_ANALYZER_NONNULL = YES;
				CLANG_ANALYZER_NUMBER_OBJECT_CONVERSION = YES_AGGRESSIVE;
				CLANG_CXX_LANGUAGE_STANDARD = "gnu++17";
				CLANG_ENABLE_MODULES = YES;
				CLANG_ENABLE_OBJC_ARC = YES;
				CLANG_ENABLE_OBJC_WEAK = YES;
				CLANG_WARN_BLOCK_CAPTURE_AUTORELEASING = YES;
				CLANG_WARN_BOOL_CONVERSION = YES;
				CLANG_WARN_COMMA = YES;
				CLANG_WARN_CONSTANT_CONVERSION = YES;
				CLANG_WARN_DEPRECATED_OBJC_IMPLEMENTATIONS = YES;
				CLANG_WARN_DIRECT_OBJC_ISA_USAGE = YES_ERROR;
				CLANG_WARN_DOCUMENTATION_COMMENTS = YES;
				CLANG_WARN_EMPTY_BODY = YES;
				CLANG_WARN_ENUM_CONVERSION = YES;
				CLANG_WARN_INFINITE_RECURSION = YES;
				CLANG_WARN_INT_CONVERSION = YES;
				CLANG_WARN_NON_LITERAL_NULL_CONVERSION = YES;
				CLANG_WARN_OBJC_IMPLICIT_RETAIN_SELF = YES;
				CLANG_WARN_OBJC_LITERAL_CONVERSION = YES;
				CLANG_WARN_OBJC_ROOT_CLASS = YES_ERROR;
				CLANG_WARN_QUOTED_INCLUDE_IN_FRAMEWORK_HEADER = YES;
				CLANG_WARN_RANGE_LOOP_ANALYSIS = YES;
				CLANG_WARN_STRICT_PROTOTYPES = YES;
				CLANG_WARN_SUSPICIOUS_MOVE = YES;
				CLANG_WARN_UNGUARDED_AVAILABILITY = YES_AGGRESSIVE;
				CLANG_WARN_UNREACHABLE_CODE = YES;
				CLANG_WARN__DUPLICATE_METHOD_MATCH = YES;
				COPY_PHASE_STRIP = NO;
				DEBUG_INFORMATION_FORMAT = "dwarf-with-dsym";
				ENABLE_NS_ASSERTIONS = NO;
				ENABLE_STRICT_OBJC_MSGSEND = YES;
				GCC_C_LANGUAGE_STANDARD = gnu11;
				GCC_NO_COMMON_BLOCKS = YES;
				GCC_WARN_64_TO_32_BIT_CONVERSION = YES;
				GCC_WARN_ABOUT_RETURN_TYPE = YES_ERROR;
				GCC_WARN_UNDECLARED_SELECTOR = YES;
				GCC_WARN_UNINITIALIZED_AUTOS = YES_AGGRESSIVE;
				GCC_WARN_UNUSED_FUNCTION = YES;
				GCC_WARN_UNUSED_VARIABLE = YES;
				IPHONEOS_DEPLOYMENT_TARGET = 15.5;
				MTL_ENABLE_DEBUG_INFO = NO;
				MTL_FAST_MATH = YES;
				SDKROOT = iphoneos;
				SWIFT_COMPILATION_MODE = wholemodule;
				SWIFT_OPTIMIZATION_LEVEL = "-O";
				VALIDATE_PRODUCT = YES;
			};
			name = Release;
		};
		0A5B9F6028E6E8AB0017A261 /* Debug */ = {
			isa = XCBuildConfiguration;
			buildSettings = {
				ASSETCATALOG_COMPILER_APPICON_NAME = AppIcon;
				ASSETCATALOG_COMPILER_GLOBAL_ACCENT_COLOR_NAME = AccentColor;
				CODE_SIGN_STYLE = Automatic;
				CURRENT_PROJECT_VERSION = 1;
				GENERATE_INFOPLIST_FILE = YES;
				INFOPLIST_FILE = AnchorsLab/Info.plist;
				INFOPLIST_KEY_UIApplicationSupportsIndirectInputEvents = YES;
				INFOPLIST_KEY_UILaunchStoryboardName = LaunchScreen;
				INFOPLIST_KEY_UIMainStoryboardFile = Main;
				INFOPLIST_KEY_UISupportedInterfaceOrientations_iPad = "UIInterfaceOrientationPortrait UIInterfaceOrientationPortraitUpsideDown UIInterfaceOrientationLandscapeLeft UIInterfaceOrientationLandscapeRight";
				INFOPLIST_KEY_UISupportedInterfaceOrientations_iPhone = "UIInterfaceOrientationPortrait UIInterfaceOrientationLandscapeLeft UIInterfaceOrientationLandscapeRight";
				LD_RUNPATH_SEARCH_PATHS = (
					"$(inherited)",
					"@executable_path/Frameworks",
				);
				MARKETING_VERSION = 1.0;
				PRODUCT_BUNDLE_IDENTIFIER = info.AnchorsLab;
				PRODUCT_NAME = "$(TARGET_NAME)";
				SWIFT_EMIT_LOC_STRINGS = YES;
				SWIFT_VERSION = 5.0;
				TARGETED_DEVICE_FAMILY = "1,2";
			};
			name = Debug;
		};
		0A5B9F6128E6E8AB0017A261 /* Release */ = {
			isa = XCBuildConfiguration;
			buildSettings = {
				ASSETCATALOG_COMPILER_APPICON_NAME = AppIcon;
				ASSETCATALOG_COMPILER_GLOBAL_ACCENT_COLOR_NAME = AccentColor;
				CODE_SIGN_STYLE = Automatic;
				CURRENT_PROJECT_VERSION = 1;
				GENERATE_INFOPLIST_FILE = YES;
				INFOPLIST_FILE = AnchorsLab/Info.plist;
				INFOPLIST_KEY_UIApplicationSupportsIndirectInputEvents = YES;
				INFOPLIST_KEY_UILaunchStoryboardName = LaunchScreen;
				INFOPLIST_KEY_UIMainStoryboardFile = Main;
				INFOPLIST_KEY_UISupportedInterfaceOrientations_iPad = "UIInterfaceOrientationPortrait UIInterfaceOrientationPortraitUpsideDown UIInterfaceOrientationLandscapeLeft UIInterfaceOrientationLandscapeRight";
				INFOPLIST_KEY_UISupportedInterfaceOrientations_iPhone = "UIInterfaceOrientationPortrait UIInterfaceOrientationLandscapeLeft UIInterfaceOrientationLandscapeRight";
				LD_RUNPATH_SEARCH_PATHS = (
					"$(inherited)",
					"@executable_path/Frameworks",
				);
				MARKETING_VERSION = 1.0;
				PRODUCT_BUNDLE_IDENTIFIER = info.AnchorsLab;
				PRODUCT_NAME = "$(TARGET_NAME)";
				SWIFT_EMIT_LOC_STRINGS = YES;
				SWIFT_VERSION = 5.0;
				TARGETED_DEVICE_FAMILY = "1,2";
			};
			name = Release;
		};
		0A5B9F6328E6E8AB0017A261 /* Debug */ = {
			isa = XCBuildConfiguration;
			buildSettings = {
				ALWAYS_EMBED_SWIFT_STANDARD_LIBRARIES = YES;
				BUNDLE_LOADER = "$(TEST_HOST)";
				CODE_SIGN_STYLE = Automatic;
				CURRENT_PROJECT_VERSION = 1;
				GENERATE_INFOPLIST_FILE = YES;
				IPHONEOS_DEPLOYMENT_TARGET = 15.5;
				MARKETING_VERSION = 1.0;
				PRODUCT_BUNDLE_IDENTIFIER = info.AnchorsLabTests;
				PRODUCT_NAME = "$(TARGET_NAME)";
				SWIFT_EMIT_LOC_STRINGS = NO;
				SWIFT_VERSION = 5.0;
				TARGETED_DEVICE_FAMILY = "1,2";
				TEST_HOST = "$(BUILT_PRODUCTS_DIR)/AnchorsLab.app/AnchorsLab";
			};
			name = Debug;
		};
		0A5B9F6428E6E8AB0017A261 /* Release */ = {
			isa = XCBuildConfiguration;
			buildSettings = {
				ALWAYS_EMBED_SWIFT_STANDARD_LIBRARIES = YES;
				BUNDLE_LOADER = "$(TEST_HOST)";
				CODE_SIGN_STYLE = Automatic;
				CURRENT_PROJECT_VERSION = 1;
				GENERATE_INFOPLIST_FILE = YES;
				IPHONEOS_DEPLOYMENT_TARGET = 15.5;
				MARKETING_VERSION = 1.0;
				PRODUCT_BUNDLE_IDENTIFIER = info.AnchorsLabTests;
				PRODUCT_NAME = "$(TARGET_NAME)";
				SWIFT_EMIT_LOC_STRINGS = NO;
				SWIFT_VERSION = 5.0;
				TARGETED_DEVICE_FAMILY = "1,2";
				TEST_HOST = "$(BUILT_PRODUCTS_DIR)/AnchorsLab.app/AnchorsLab";
			};
			name = Release;
		};
		0A5B9F6628E6E8AB0017A261 /* Debug */ = {
			isa = XCBuildConfiguration;
			buildSettings = {
				ALWAYS_EMBED_SWIFT_STANDARD_LIBRARIES = YES;
				CODE_SIGN_STYLE = Automatic;
				CURRENT_PROJECT_VERSION = 1;
				GENERATE_INFOPLIST_FILE = YES;
				MARKETING_VERSION = 1.0;
				PRODUCT_BUNDLE_IDENTIFIER = info.AnchorsLabUITests;
				PRODUCT_NAME = "$(TARGET_NAME)";
				SWIFT_EMIT_LOC_STRINGS = NO;
				SWIFT_VERSION = 5.0;
				TARGETED_DEVICE_FAMILY = "1,2";
				TEST_TARGET_NAME = AnchorsLab;
			};
			name = Debug;
		};
		0A5B9F6728E6E8AB0017A261 /* Release */ = {
			isa = XCBuildConfiguration;
			buildSettings = {
				ALWAYS_EMBED_SWIFT_STANDARD_LIBRARIES = YES;
				CODE_SIGN_STYLE = Automatic;
				CURRENT_PROJECT_VERSION = 1;
				GENERATE_INFOPLIST_FILE = YES;
				MARKETING_VERSION = 1.0;
				PRODUCT_BUNDLE_IDENTIFIER = info.AnchorsLabUITests;
				PRODUCT_NAME = "$(TARGET_NAME)";
				SWIFT_EMIT_LOC_STRINGS = NO;
				SWIFT_VERSION = 5.0;
				TARGETED_DEVICE_FAMILY = "1,2";
				TEST_TARGET_NAME = AnchorsLab;
			};
			name = Release;
		};
/* End XCBuildConfiguration section */

/* Begin XCConfigurationList section */
		0A5B9F3028E6E8AB0017A261 /* Build configuration list for PBXProject "AnchorsLab" */ = {
			isa = XCConfigurationList;
			buildConfigurations = (
				0A5B9F5D28E6E8AB0017A261 /* Debug */,
				0A5B9F5E28E6E8AB0017A261 /* Release */,
			);
			defaultConfigurationIsVisible = 0;
			defaultConfigurationName = Release;
		};
		0A5B9F5F28E6E8AB0017A261 /* Build configuration list for PBXNativeTarget "AnchorsLab" */ = {
			isa = XCConfigurationList;
			buildConfigurations = (
				0A5B9F6028E6E8AB0017A261 /* Debug */,
				0A5B9F6128E6E8AB0017A261 /* Release */,
			);
			defaultConfigurationIsVisible = 0;
			defaultConfigurationName = Release;
		};
		0A5B9F6228E6E8AB0017A261 /* Build configuration list for PBXNativeTarget "AnchorsLabTests" */ = {
			isa = XCConfigurationList;
			buildConfigurations = (
				0A5B9F6328E6E8AB0017A261 /* Debug */,
				0A5B9F6428E6E8AB0017A261 /* Release */,
			);
			defaultConfigurationIsVisible = 0;
			defaultConfigurationName = Release;
		};
		0A5B9F6528E6E8AB0017A261 /* Build configuration list for PBXNativeTarget "AnchorsLabUITests" */ = {
			isa = XCConfigurationList;
			buildConfigurations = (
				0A5B9F6628E6E8AB0017A261 /* Debug */,
				0A5B9F6728E6E8AB0017A261 /* Release */,
			);
			defaultConfigurationIsVisible = 0;
			defaultConfigurationName = Release;
		};
/* End XCConfigurationList section */
	};
	rootObject = 0A5B9F2D28E6E8AB0017A261 /* Project object */;
}
